// !$*UTF8*$!
{
	archiveVersion = 1;
	classes = {
	};
	objectVersion = 77;
	objects = {

/* Begin PBXBuildFile section */
		E9F423032D94879A00B099DC /* SarvamNetworking in Frameworks */ = {isa = PBXBuildFile; productRef = E9F423022D94879A00B099DC /* SarvamNetworking */; };
/* End PBXBuildFile section */

/* Begin PBXContainerItemProxy section */
		E9F422DD2D945E1800B099DC /* PBXContainerItemProxy */ = {
			isa = PBXContainerItemProxy;
			containerPortal = E9F422C02D945E1600B099DC /* Project object */;
			proxyType = 1;
			remoteGlobalIDString = E9F422C72D945E1600B099DC;
			remoteInfo = SarvamiOS;
		};
		E9F422E72D945E1800B099DC /* PBXContainerItemProxy */ = {
			isa = PBXContainerItemProxy;
			containerPortal = E9F422C02D945E1600B099DC /* Project object */;
			proxyType = 1;
			remoteGlobalIDString = E9F422C72D945E1600B099DC;
			remoteInfo = SarvamiOS;
		};
/* End PBXContainerItemProxy section */

/* Begin PBXFileReference section */
		E9F422C82D945E1600B099DC /* SarvamiOS.app */ = {isa = PBXFileReference; explicitFileType = wrapper.application; includeInIndex = 0; path = SarvamiOS.app; sourceTree = BUILT_PRODUCTS_DIR; };
		E9F422DC2D945E1800B099DC /* SarvamiOSTests.xctest */ = {isa = PBXFileReference; explicitFileType = wrapper.cfbundle; includeInIndex = 0; path = SarvamiOSTests.xctest; sourceTree = BUILT_PRODUCTS_DIR; };
		E9F422E62D945E1800B099DC /* SarvamiOSUITests.xctest */ = {isa = PBXFileReference; explicitFileType = wrapper.cfbundle; includeInIndex = 0; path = SarvamiOSUITests.xctest; sourceTree = BUILT_PRODUCTS_DIR; };
/* End PBXFileReference section */

/* Begin PBXFileSystemSynchronizedBuildFileExceptionSet section */
		E9F422EE2D945E1800B099DC /* Exceptions for "SarvamiOS" folder in "SarvamiOS" target */ = {
			isa = PBXFileSystemSynchronizedBuildFileExceptionSet;
			membershipExceptions = (
				Info.plist,
				SarvamNetworking,
			);
			target = E9F422C72D945E1600B099DC /* SarvamiOS */;
		};
/* End PBXFileSystemSynchronizedBuildFileExceptionSet section */

/* Begin PBXFileSystemSynchronizedRootGroup section */
		E9F422CA2D945E1600B099DC /* SarvamiOS */ = {
			isa = PBXFileSystemSynchronizedRootGroup;
			exceptions = (
				E9F422EE2D945E1800B099DC /* Exceptions for "SarvamiOS" folder in "SarvamiOS" target */,
			);
			path = SarvamiOS;
			sourceTree = "<group>";
		};
		E9F422DF2D945E1800B099DC /* SarvamiOSTests */ = {
			isa = PBXFileSystemSynchronizedRootGroup;
			path = SarvamiOSTests;
			sourceTree = "<group>";
		};
		E9F422E92D945E1800B099DC /* SarvamiOSUITests */ = {
			isa = PBXFileSystemSynchronizedRootGroup;
			path = SarvamiOSUITests;
			sourceTree = "<group>";
		};
/* End PBXFileSystemSynchronizedRootGroup section */

/* Begin PBXFrameworksBuildPhase section */
		E9F422C52D945E1600B099DC /* Frameworks */ = {
			isa = PBXFrameworksBuildPhase;
			buildActionMask = 2147483647;
			files = (
				E9F423032D94879A00B099DC /* SarvamNetworking in Frameworks */,
			);
			runOnlyForDeploymentPostprocessing = 0;
		};
		E9F422D92D945E1800B099DC /* Frameworks */ = {
			isa = PBXFrameworksBuildPhase;
			buildActionMask = 2147483647;
			files = (
			);
			runOnlyForDeploymentPostprocessing = 0;
		};
		E9F422E32D945E1800B099DC /* Frameworks */ = {
			isa = PBXFrameworksBuildPhase;
			buildActionMask = 2147483647;
			files = (
			);
			runOnlyForDeploymentPostprocessing = 0;
		};
/* End PBXFrameworksBuildPhase section */

/* Begin PBXGroup section */
		E9F422BF2D945E1600B099DC = {
			isa = PBXGroup;
			children = (
				E9F422CA2D945E1600B099DC /* SarvamiOS */,
				E9F422DF2D945E1800B099DC /* SarvamiOSTests */,
				E9F422E92D945E1800B099DC /* SarvamiOSUITests */,
				E9F423012D94879A00B099DC /* Frameworks */,
				E9F422C92D945E1600B099DC /* Products */,
			);
			sourceTree = "<group>";
		};
		E9F422C92D945E1600B099DC /* Products */ = {
			isa = PBXGroup;
			children = (
				E9F422C82D945E1600B099DC /* SarvamiOS.app */,
				E9F422DC2D945E1800B099DC /* SarvamiOSTests.xctest */,
				E9F422E62D945E1800B099DC /* SarvamiOSUITests.xctest */,
			);
			name = Products;
			sourceTree = "<group>";
		};
		E9F423012D94879A00B099DC /* Frameworks */ = {
			isa = PBXGroup;
			children = (
			);
			name = Frameworks;
			sourceTree = "<group>";
		};
/* End PBXGroup section */

/* Begin PBXNativeTarget section */
		E9F422C72D945E1600B099DC /* SarvamiOS */ = {
			isa = PBXNativeTarget;
			buildConfigurationList = E9F422EF2D945E1800B099DC /* Build configuration list for PBXNativeTarget "SarvamiOS" */;
			buildPhases = (
				E9F422C42D945E1600B099DC /* Sources */,
				E9F422C52D945E1600B099DC /* Frameworks */,
				E9F422C62D945E1600B099DC /* Resources */,
			);
			buildRules = (
			);
			dependencies = (
				E9F423052D948B7600B099DC /* PBXTargetDependency */,
			);
			fileSystemSynchronizedGroups = (
				E9F422CA2D945E1600B099DC /* SarvamiOS */,
			);
			name = SarvamiOS;
			packageProductDependencies = (
				E9F423022D94879A00B099DC /* SarvamNetworking */,
			);
			productName = SarvamiOS;
			productReference = E9F422C82D945E1600B099DC /* SarvamiOS.app */;
			productType = "com.apple.product-type.application";
		};
		E9F422DB2D945E1800B099DC /* SarvamiOSTests */ = {
			isa = PBXNativeTarget;
			buildConfigurationList = E9F422F42D945E1800B099DC /* Build configuration list for PBXNativeTarget "SarvamiOSTests" */;
			buildPhases = (
				E9F422D82D945E1800B099DC /* Sources */,
				E9F422D92D945E1800B099DC /* Frameworks */,
				E9F422DA2D945E1800B099DC /* Resources */,
			);
			buildRules = (
			);
			dependencies = (
				E9F422DE2D945E1800B099DC /* PBXTargetDependency */,
			);
			fileSystemSynchronizedGroups = (
				E9F422DF2D945E1800B099DC /* SarvamiOSTests */,
			);
			name = SarvamiOSTests;
			packageProductDependencies = (
			);
			productName = SarvamiOSTests;
			productReference = E9F422DC2D945E1800B099DC /* SarvamiOSTests.xctest */;
			productType = "com.apple.product-type.bundle.unit-test";
		};
		E9F422E52D945E1800B099DC /* SarvamiOSUITests */ = {
			isa = PBXNativeTarget;
			buildConfigurationList = E9F422F72D945E1800B099DC /* Build configuration list for PBXNativeTarget "SarvamiOSUITests" */;
			buildPhases = (
				E9F422E22D945E1800B099DC /* Sources */,
				E9F422E32D945E1800B099DC /* Frameworks */,
				E9F422E42D945E1800B099DC /* Resources */,
			);
			buildRules = (
			);
			dependencies = (
				E9F422E82D945E1800B099DC /* PBXTargetDependency */,
			);
			fileSystemSynchronizedGroups = (
				E9F422E92D945E1800B099DC /* SarvamiOSUITests */,
			);
			name = SarvamiOSUITests;
			packageProductDependencies = (
			);
			productName = SarvamiOSUITests;
			productReference = E9F422E62D945E1800B099DC /* SarvamiOSUITests.xctest */;
			productType = "com.apple.product-type.bundle.ui-testing";
		};
/* End PBXNativeTarget section */

/* Begin PBXProject section */
		E9F422C02D945E1600B099DC /* Project object */ = {
			isa = PBXProject;
			attributes = {
				BuildIndependentTargetsInParallel = 1;
				LastSwiftUpdateCheck = 1620;
				LastUpgradeCheck = 1620;
				TargetAttributes = {
					E9F422C72D945E1600B099DC = {
						CreatedOnToolsVersion = 16.2;
					};
					E9F422DB2D945E1800B099DC = {
						CreatedOnToolsVersion = 16.2;
						TestTargetID = E9F422C72D945E1600B099DC;
					};
					E9F422E52D945E1800B099DC = {
						CreatedOnToolsVersion = 16.2;
						TestTargetID = E9F422C72D945E1600B099DC;
					};
				};
			};
			buildConfigurationList = E9F422C32D945E1600B099DC /* Build configuration list for PBXProject "SarvamiOS" */;
			developmentRegion = en;
			hasScannedForEncodings = 0;
			knownRegions = (
				en,
				Base,
			);
			mainGroup = E9F422BF2D945E1600B099DC;
			minimizedProjectReferenceProxies = 1;
			packageReferences = (
				E9F422FE2D9485DB00B099DC /* XCLocalSwiftPackageReference "SarvamiOS/SarvamNetworking" */,
			);
			preferredProjectObjectVersion = 77;
			productRefGroup = E9F422C92D945E1600B099DC /* Products */;
			projectDirPath = "";
			projectRoot = "";
			targets = (
				E9F422C72D945E1600B099DC /* SarvamiOS */,
				E9F422DB2D945E1800B099DC /* SarvamiOSTests */,
				E9F422E52D945E1800B099DC /* SarvamiOSUITests */,
			);
		};
/* End PBXProject section */

/* Begin PBXResourcesBuildPhase section */
		E9F422C62D945E1600B099DC /* Resources */ = {
			isa = PBXResourcesBuildPhase;
			buildActionMask = 2147483647;
			files = (
			);
			runOnlyForDeploymentPostprocessing = 0;
		};
		E9F422DA2D945E1800B099DC /* Resources */ = {
			isa = PBXResourcesBuildPhase;
			buildActionMask = 2147483647;
			files = (
			);
			runOnlyForDeploymentPostprocessing = 0;
		};
		E9F422E42D945E1800B099DC /* Resources */ = {
			isa = PBXResourcesBuildPhase;
			buildActionMask = 2147483647;
			files = (
			);
			runOnlyForDeploymentPostprocessing = 0;
		};
/* End PBXResourcesBuildPhase section */

/* Begin PBXSourcesBuildPhase section */
		E9F422C42D945E1600B099DC /* Sources */ = {
			isa = PBXSourcesBuildPhase;
			buildActionMask = 2147483647;
			files = (
			);
			runOnlyForDeploymentPostprocessing = 0;
		};
		E9F422D82D945E1800B099DC /* Sources */ = {
			isa = PBXSourcesBuildPhase;
			buildActionMask = 2147483647;
			files = (
			);
			runOnlyForDeploymentPostprocessing = 0;
		};
		E9F422E22D945E1800B099DC /* Sources */ = {
			isa = PBXSourcesBuildPhase;
			buildActionMask = 2147483647;
			files = (
			);
			runOnlyForDeploymentPostprocessing = 0;
		};
/* End PBXSourcesBuildPhase section */

/* Begin PBXTargetDependency section */
		E9F422DE2D945E1800B099DC /* PBXTargetDependency */ = {
			isa = PBXTargetDependency;
			target = E9F422C72D945E1600B099DC /* SarvamiOS */;
			targetProxy = E9F422DD2D945E1800B099DC /* PBXContainerItemProxy */;
		};
		E9F422E82D945E1800B099DC /* PBXTargetDependency */ = {
			isa = PBXTargetDependency;
			target = E9F422C72D945E1600B099DC /* SarvamiOS */;
			targetProxy = E9F422E72D945E1800B099DC /* PBXContainerItemProxy */;
		};
		E9F423052D948B7600B099DC /* PBXTargetDependency */ = {
			isa = PBXTargetDependency;
			productRef = E9F423042D948B7600B099DC /* SarvamNetworking */;
		};
/* End PBXTargetDependency section */

/* Begin XCBuildConfiguration section */
		E9F422F02D945E1800B099DC /* Debug */ = {
			isa = XCBuildConfiguration;
			buildSettings = {
				ASSETCATALOG_COMPILER_APPICON_NAME = AppIcon;
				ASSETCATALOG_COMPILER_GLOBAL_ACCENT_COLOR_NAME = AccentColor;
				CODE_SIGN_ENTITLEMENTS = SarvamiOS/SarvamiOS.entitlements;
				CODE_SIGN_IDENTITY = "Apple Development";
				CODE_SIGN_STYLE = Automatic;
				CURRENT_PROJECT_VERSION = 1;
				DEVELOPMENT_ASSET_PATHS = "\"SarvamiOS/Preview Content\"";
				DEVELOPMENT_TEAM = 66C49P3GHV;
				ENABLE_PREVIEWS = YES;
				GENERATE_INFOPLIST_FILE = YES;
				INFOPLIST_FILE = SarvamiOS/Info.plist;
				INFOPLIST_KEY_LSApplicationCategoryType = "public.app-category.education";
				INFOPLIST_KEY_UIApplicationSceneManifest_Generation = YES;
				INFOPLIST_KEY_UIApplicationSupportsIndirectInputEvents = YES;
				INFOPLIST_KEY_UILaunchScreen_Generation = YES;
				INFOPLIST_KEY_UISupportedInterfaceOrientations_iPad = "UIInterfaceOrientationPortrait UIInterfaceOrientationPortraitUpsideDown UIInterfaceOrientationLandscapeLeft UIInterfaceOrientationLandscapeRight";
				INFOPLIST_KEY_UISupportedInterfaceOrientations_iPhone = "UIInterfaceOrientationPortrait UIInterfaceOrientationLandscapeLeft UIInterfaceOrientationLandscapeRight";
				IPHONEOS_DEPLOYMENT_TARGET = 18.0;
				LD_RUNPATH_SEARCH_PATHS = (
					"$(inherited)",
					"@executable_path/Frameworks",
				);
				MARKETING_VERSION = 1.0;
				PRODUCT_BUNDLE_IDENTIFIER = akhil.building.SarvamiOS;
				PRODUCT_NAME = "$(TARGET_NAME)";
				PROVISIONING_PROFILE_SPECIFIER = "";
				SWIFT_EMIT_LOC_STRINGS = YES;
				SWIFT_VERSION = 6.0;
				TARGETED_DEVICE_FAMILY = "1,2";
			};
			name = Debug;
		};
		E9F422F12D945E1800B099DC /* Release */ = {
			isa = XCBuildConfiguration;
			buildSettings = {
				ASSETCATALOG_COMPILER_APPICON_NAME = AppIcon;
				ASSETCATALOG_COMPILER_GLOBAL_ACCENT_COLOR_NAME = AccentColor;
				CODE_SIGN_ENTITLEMENTS = SarvamiOS/SarvamiOS.entitlements;
				CODE_SIGN_IDENTITY = "Apple Development";
				CODE_SIGN_STYLE = Automatic;
				CURRENT_PROJECT_VERSION = 1;
				DEVELOPMENT_ASSET_PATHS = "\"SarvamiOS/Preview Content\"";
				DEVELOPMENT_TEAM = 66C49P3GHV;
				ENABLE_PREVIEWS = YES;
				GENERATE_INFOPLIST_FILE = YES;
				INFOPLIST_FILE = SarvamiOS/Info.plist;
				INFOPLIST_KEY_LSApplicationCategoryType = "public.app-category.education";
				INFOPLIST_KEY_UIApplicationSceneManifest_Generation = YES;
				INFOPLIST_KEY_UIApplicationSupportsIndirectInputEvents = YES;
				INFOPLIST_KEY_UILaunchScreen_Generation = YES;
				INFOPLIST_KEY_UISupportedInterfaceOrientations_iPad = "UIInterfaceOrientationPortrait UIInterfaceOrientationPortraitUpsideDown UIInterfaceOrientationLandscapeLeft UIInterfaceOrientationLandscapeRight";
				INFOPLIST_KEY_UISupportedInterfaceOrientations_iPhone = "UIInterfaceOrientationPortrait UIInterfaceOrientationLandscapeLeft UIInterfaceOrientationLandscapeRight";
				IPHONEOS_DEPLOYMENT_TARGET = 18.0;
				LD_RUNPATH_SEARCH_PATHS = (
					"$(inherited)",
					"@executable_path/Frameworks",
				);
				MARKETING_VERSION = 1.0;
				PRODUCT_BUNDLE_IDENTIFIER = akhil.building.SarvamiOS;
				PRODUCT_NAME = "$(TARGET_NAME)";
				PROVISIONING_PROFILE_SPECIFIER = "";
				SWIFT_EMIT_LOC_STRINGS = YES;
				SWIFT_VERSION = 6.0;
				TARGETED_DEVICE_FAMILY = "1,2";
			};
			name = Release;
		};
		E9F422F22D945E1800B099DC /* Debug */ = {
			isa = XCBuildConfiguration;
			buildSettings = {
				ALWAYS_SEARCH_USER_PATHS = NO;
				ASSETCATALOG_COMPILER_GENERATE_SWIFT_ASSET_SYMBOL_EXTENSIONS = YES;
				CLANG_ANALYZER_NONNULL = YES;
				CLANG_ANALYZER_NUMBER_OBJECT_CONVERSION = YES_AGGRESSIVE;
				CLANG_CXX_LANGUAGE_STANDARD = "gnu++20";
				CLANG_ENABLE_MODULES = YES;
				CLANG_ENABLE_OBJC_ARC = YES;
				CLANG_ENABLE_OBJC_WEAK = YES;
				CLANG_WARN_BLOCK_CAPTURE_AUTORELEASING = YES;
				CLANG_WARN_BOOL_CONVERSION = YES;
				CLANG_WARN_COMMA = YES;
				CLANG_WARN_CONSTANT_CONVERSION = YES;
				CLANG_WARN_DEPRECATED_OBJC_IMPLEMENTATIONS = YES;
				CLANG_WARN_DIRECT_OBJC_ISA_USAGE = YES_ERROR;
				CLANG_WARN_DOCUMENTATION_COMMENTS = YES;
				CLANG_WARN_EMPTY_BODY = YES;
				CLANG_WARN_ENUM_CONVERSION = YES;
				CLANG_WARN_INFINITE_RECURSION = YES;
				CLANG_WARN_INT_CONVERSION = YES;
				CLANG_WARN_NON_LITERAL_NULL_CONVERSION = YES;
				CLANG_WARN_OBJC_IMPLICIT_RETAIN_SELF = YES;
				CLANG_WARN_OBJC_LITERAL_CONVERSION = YES;
				CLANG_WARN_OBJC_ROOT_CLASS = YES_ERROR;
				CLANG_WARN_QUOTED_INCLUDE_IN_FRAMEWORK_HEADER = YES;
				CLANG_WARN_RANGE_LOOP_ANALYSIS = YES;
				CLANG_WARN_STRICT_PROTOTYPES = YES;
				CLANG_WARN_SUSPICIOUS_MOVE = YES;
				CLANG_WARN_UNGUARDED_AVAILABILITY = YES_AGGRESSIVE;
				CLANG_WARN_UNREACHABLE_CODE = YES;
				CLANG_WARN__DUPLICATE_METHOD_MATCH = YES;
				COPY_PHASE_STRIP = NO;
				DEBUG_INFORMATION_FORMAT = dwarf;
				ENABLE_STRICT_OBJC_MSGSEND = YES;
				ENABLE_TESTABILITY = YES;
				ENABLE_USER_SCRIPT_SANDBOXING = YES;
				GCC_C_LANGUAGE_STANDARD = gnu17;
				GCC_DYNAMIC_NO_PIC = NO;
				GCC_NO_COMMON_BLOCKS = YES;
				GCC_OPTIMIZATION_LEVEL = 0;
				GCC_PREPROCESSOR_DEFINITIONS = (
					"DEBUG=1",
					"$(inherited)",
				);
				GCC_WARN_64_TO_32_BIT_CONVERSION = YES;
				GCC_WARN_ABOUT_RETURN_TYPE = YES_ERROR;
				GCC_WARN_UNDECLARED_SELECTOR = YES;
				GCC_WARN_UNINITIALIZED_AUTOS = YES_AGGRESSIVE;
				GCC_WARN_UNUSED_FUNCTION = YES;
				GCC_WARN_UNUSED_VARIABLE = YES;
				IPHONEOS_DEPLOYMENT_TARGET = 18.0;
				LOCALIZATION_PREFERS_STRING_CATALOGS = YES;
				MTL_ENABLE_DEBUG_INFO = INCLUDE_SOURCE;
				MTL_FAST_MATH = YES;
				ONLY_ACTIVE_ARCH = YES;
				SDKROOT = iphoneos;
				SWIFT_ACTIVE_COMPILATION_CONDITIONS = "DEBUG $(inherited)";
				SWIFT_OPTIMIZATION_LEVEL = "-Onone";
			};
			name = Debug;
		};
		E9F422F32D945E1800B099DC /* Release */ = {
			isa = XCBuildConfiguration;
			buildSettings = {
				ALWAYS_SEARCH_USER_PATHS = NO;
				ASSETCATALOG_COMPILER_GENERATE_SWIFT_ASSET_SYMBOL_EXTENSIONS = YES;
				CLANG_ANALYZER_NONNULL = YES;
				CLANG_ANALYZER_NUMBER_OBJECT_CONVERSION = YES_AGGRESSIVE;
				CLANG_CXX_LANGUAGE_STANDARD = "gnu++20";
				CLANG_ENABLE_MODULES = YES;
				CLANG_ENABLE_OBJC_ARC = YES;
				CLANG_ENABLE_OBJC_WEAK = YES;
				CLANG_WARN_BLOCK_CAPTURE_AUTORELEASING = YES;
				CLANG_WARN_BOOL_CONVERSION = YES;
				CLANG_WARN_COMMA = YES;
				CLANG_WARN_CONSTANT_CONVERSION = YES;
				CLANG_WARN_DEPRECATED_OBJC_IMPLEMENTATIONS = YES;
				CLANG_WARN_DIRECT_OBJC_ISA_USAGE = YES_ERROR;
				CLANG_WARN_DOCUMENTATION_COMMENTS = YES;
				CLANG_WARN_EMPTY_BODY = YES;
				CLANG_WARN_ENUM_CONVERSION = YES;
				CLANG_WARN_INFINITE_RECURSION = YES;
				CLANG_WARN_INT_CONVERSION = YES;
				CLANG_WARN_NON_LITERAL_NULL_CONVERSION = YES;
				CLANG_WARN_OBJC_IMPLICIT_RETAIN_SELF = YES;
				CLANG_WARN_OBJC_LITERAL_CONVERSION = YES;
				CLANG_WARN_OBJC_ROOT_CLASS = YES_ERROR;
				CLANG_WARN_QUOTED_INCLUDE_IN_FRAMEWORK_HEADER = YES;
				CLANG_WARN_RANGE_LOOP_ANALYSIS = YES;
				CLANG_WARN_STRICT_PROTOTYPES = YES;
				CLANG_WARN_SUSPICIOUS_MOVE = YES;
				CLANG_WARN_UNGUARDED_AVAILABILITY = YES_AGGRESSIVE;
				CLANG_WARN_UNREACHABLE_CODE = YES;
				CLANG_WARN__DUPLICATE_METHOD_MATCH = YES;
				COPY_PHASE_STRIP = NO;
				DEBUG_INFORMATION_FORMAT = "dwarf-with-dsym";
				ENABLE_NS_ASSERTIONS = NO;
				ENABLE_STRICT_OBJC_MSGSEND = YES;
				ENABLE_USER_SCRIPT_SANDBOXING = YES;
				GCC_C_LANGUAGE_STANDARD = gnu17;
				GCC_NO_COMMON_BLOCKS = YES;
				GCC_WARN_64_TO_32_BIT_CONVERSION = YES;
				GCC_WARN_ABOUT_RETURN_TYPE = YES_ERROR;
				GCC_WARN_UNDECLARED_SELECTOR = YES;
				GCC_WARN_UNINITIALIZED_AUTOS = YES_AGGRESSIVE;
				GCC_WARN_UNUSED_FUNCTION = YES;
				GCC_WARN_UNUSED_VARIABLE = YES;
				IPHONEOS_DEPLOYMENT_TARGET = 18.0;
				LOCALIZATION_PREFERS_STRING_CATALOGS = YES;
				MTL_ENABLE_DEBUG_INFO = NO;
				MTL_FAST_MATH = YES;
				SDKROOT = iphoneos;
				SWIFT_COMPILATION_MODE = wholemodule;
				VALIDATE_PRODUCT = YES;
			};
			name = Release;
		};
		E9F422F52D945E1800B099DC /* Debug */ = {
			isa = XCBuildConfiguration;
			buildSettings = {
				BUNDLE_LOADER = "$(TEST_HOST)";
				CODE_SIGN_STYLE = Automatic;
				CURRENT_PROJECT_VERSION = 1;
				DEVELOPMENT_TEAM = 66C49P3GHV;
				GENERATE_INFOPLIST_FILE = YES;
				IPHONEOS_DEPLOYMENT_TARGET = 18.0;
				MARKETING_VERSION = 1.0;
				PRODUCT_BUNDLE_IDENTIFIER = building.SarvamiOSTests;
				PRODUCT_NAME = "$(TARGET_NAME)";
				SWIFT_EMIT_LOC_STRINGS = NO;
				SWIFT_VERSION = 5.0;
				TARGETED_DEVICE_FAMILY = "1,2";
				TEST_HOST = "$(BUILT_PRODUCTS_DIR)/SarvamiOS.app/$(BUNDLE_EXECUTABLE_FOLDER_PATH)/SarvamiOS";
			};
			name = Debug;
		};
		E9F422F62D945E1800B099DC /* Release */ = {
			isa = XCBuildConfiguration;
			buildSettings = {
				BUNDLE_LOADER = "$(TEST_HOST)";
				CODE_SIGN_STYLE = Automatic;
				CURRENT_PROJECT_VERSION = 1;
				DEVELOPMENT_TEAM = 66C49P3GHV;
				GENERATE_INFOPLIST_FILE = YES;
				IPHONEOS_DEPLOYMENT_TARGET = 18.0;
				MARKETING_VERSION = 1.0;
				PRODUCT_BUNDLE_IDENTIFIER = building.SarvamiOSTests;
				PRODUCT_NAME = "$(TARGET_NAME)";
				SWIFT_EMIT_LOC_STRINGS = NO;
				SWIFT_VERSION = 5.0;
				TARGETED_DEVICE_FAMILY = "1,2";
				TEST_HOST = "$(BUILT_PRODUCTS_DIR)/SarvamiOS.app/$(BUNDLE_EXECUTABLE_FOLDER_PATH)/SarvamiOS";
			};
			name = Release;
		};
		E9F422F82D945E1800B099DC /* Debug */ = {
			isa = XCBuildConfiguration;
			buildSettings = {
				CODE_SIGN_STYLE = Automatic;
				CURRENT_PROJECT_VERSION = 1;
				DEVELOPMENT_TEAM = 66C49P3GHV;
				GENERATE_INFOPLIST_FILE = YES;
				IPHONEOS_DEPLOYMENT_TARGET = 18.0;
				MARKETING_VERSION = 1.0;
				PRODUCT_BUNDLE_IDENTIFIER = building.SarvamiOSUITests;
				PRODUCT_NAME = "$(TARGET_NAME)";
				SWIFT_EMIT_LOC_STRINGS = NO;
				SWIFT_VERSION = 5.0;
				TARGETED_DEVICE_FAMILY = "1,2";
				TEST_TARGET_NAME = SarvamiOS;
			};
			name = Debug;
		};
		E9F422F92D945E1800B099DC /* Release */ = {
			isa = XCBuildConfiguration;
			buildSettings = {
				CODE_SIGN_STYLE = Automatic;
				CURRENT_PROJECT_VERSION = 1;
				DEVELOPMENT_TEAM = 66C49P3GHV;
				GENERATE_INFOPLIST_FILE = YES;
				IPHONEOS_DEPLOYMENT_TARGET = 18.0;
				MARKETING_VERSION = 1.0;
				PRODUCT_BUNDLE_IDENTIFIER = building.SarvamiOSUITests;
				PRODUCT_NAME = "$(TARGET_NAME)";
				SWIFT_EMIT_LOC_STRINGS = NO;
				SWIFT_VERSION = 5.0;
				TARGETED_DEVICE_FAMILY = "1,2";
				TEST_TARGET_NAME = SarvamiOS;
			};
			name = Release;
		};
/* End XCBuildConfiguration section */

/* Begin XCConfigurationList section */
		E9F422C32D945E1600B099DC /* Build configuration list for PBXProject "SarvamiOS" */ = {
			isa = XCConfigurationList;
			buildConfigurations = (
				E9F422F22D945E1800B099DC /* Debug */,
				E9F422F32D945E1800B099DC /* Release */,
			);
			defaultConfigurationIsVisible = 0;
			defaultConfigurationName = Release;
		};
		E9F422EF2D945E1800B099DC /* Build configuration list for PBXNativeTarget "SarvamiOS" */ = {
			isa = XCConfigurationList;
			buildConfigurations = (
				E9F422F02D945E1800B099DC /* Debug */,
				E9F422F12D945E1800B099DC /* Release */,
			);
			defaultConfigurationIsVisible = 0;
			defaultConfigurationName = Release;
		};
		E9F422F42D945E1800B099DC /* Build configuration list for PBXNativeTarget "SarvamiOSTests" */ = {
			isa = XCConfigurationList;
			buildConfigurations = (
				E9F422F52D945E1800B099DC /* Debug */,
				E9F422F62D945E1800B099DC /* Release */,
			);
			defaultConfigurationIsVisible = 0;
			defaultConfigurationName = Release;
		};
		E9F422F72D945E1800B099DC /* Build configuration list for PBXNativeTarget "SarvamiOSUITests" */ = {
			isa = XCConfigurationList;
			buildConfigurations = (
				E9F422F82D945E1800B099DC /* Debug */,
				E9F422F92D945E1800B099DC /* Release */,
			);
			defaultConfigurationIsVisible = 0;
			defaultConfigurationName = Release;
		};
/* End XCConfigurationList section */

/* Begin XCLocalSwiftPackageReference section */
		E9F422FE2D9485DB00B099DC /* XCLocalSwiftPackageReference "SarvamiOS/SarvamNetworking" */ = {
			isa = XCLocalSwiftPackageReference;
			relativePath = SarvamiOS/SarvamNetworking;
		};
/* End XCLocalSwiftPackageReference section */

/* Begin XCSwiftPackageProductDependency section */
		E9F423022D94879A00B099DC /* SarvamNetworking */ = {
			isa = XCSwiftPackageProductDependency;
			package = E9F422FE2D9485DB00B099DC /* XCLocalSwiftPackageReference "SarvamiOS/SarvamNetworking" */;
			productName = SarvamNetworking;
		};
		E9F423042D948B7600B099DC /* SarvamNetworking */ = {
			isa = XCSwiftPackageProductDependency;
			package = E9F422FE2D9485DB00B099DC /* XCLocalSwiftPackageReference "SarvamiOS/SarvamNetworking" */;
			productName = SarvamNetworking;
		};
/* End XCSwiftPackageProductDependency section */
	};
	rootObject = E9F422C02D945E1600B099DC /* Project object */;
}
